
Microsoft Visual Studio Solution File, Format Version 12.00
# Visual Studio 15
VisualStudioVersion = 15.0.28307.757
MinimumVisualStudioVersion = 10.0.40219.1
Project("{FAE04EC0-301F-11D3-BF4B-00C04F79EFBC}") = "RepositoryBookStore", "RepositoryBookStore\RepositoryBookStore.csproj", "{874D5849-099A-46F2-9577-05C7EE59D82D}"
EndProject
Global
	GlobalSection(SolutionConfigurationPlatforms) = preSolution
		Debug|Any CPU = Debug|Any CPU
		Release|Any CPU = Release|Any CPU
	EndGlobalSection
	GlobalSection(ProjectConfigurationPlatforms) = postSolution
		{874D5849-099A-46F2-9577-05C7EE59D82D}.Debug|Any CPU.ActiveCfg = Debug|Any CPU
		{874D5849-099A-46F2-9577-05C7EE59D82D}.Debug|Any CPU.Build.0 = Debug|Any CPU
		{874D5849-099A-46F2-9577-05C7EE59D82D}.Release|Any CPU.ActiveCfg = Release|Any CPU
		{874D5849-099A-46F2-9577-05C7EE59D82D}.Release|Any CPU.Build.0 = Release|Any CPU
	EndGlobalSection
	GlobalSection(SolutionProperties) = preSolution
		HideSolutionNode = FALSE
	EndGlobalSection
	GlobalSection(ExtensibilityGlobals) = postSolution
		SolutionGuid = {22623DFA-237E-4C49-841C-EA91E268CF73}
	EndGlobalSection
EndGlobal
